// !$*UTF8*$!
{
	archiveVersion = 1;
	classes = {
	};
	objectVersion = 46;
	objects = {

/* Begin PBXBuildFile section */
		523199A71E0236A1006FD548 /* CVLogTools.m in Sources */ = {isa = PBXBuildFile; fileRef = 523199A61E0236A1006FD548 /* CVLogTools.m */; };
		523199A81E0236A1006FD548 /* CVLogTools.h in CopyFiles */ = {isa = PBXBuildFile; fileRef = 523199A51E0236A1006FD548 /* CVLogTools.h */; };
		523199B11E023BB8006FD548 /* HandleLogFile.m in Sources */ = {isa = PBXBuildFile; fileRef = 523199B01E023BB8006FD548 /* HandleLogFile.m */; };
		523199B41E023DF2006FD548 /* CVLog.m in Sources */ = {isa = PBXBuildFile; fileRef = 523199B31E023DF2006FD548 /* CVLog.m */; };
/* End PBXBuildFile section */

/* Begin PBXCopyFilesBuildPhase section */
		523199A01E0236A1006FD548 /* CopyFiles */ = {
			isa = PBXCopyFilesBuildPhase;
			buildActionMask = 2147483647;
			dstPath = "include/$(PRODUCT_NAME)";
			dstSubfolderSpec = 16;
			files = (
				523199A81E0236A1006FD548 /* CVLogTools.h in CopyFiles */,
			);
			runOnlyForDeploymentPostprocessing = 0;
		};
/* End PBXCopyFilesBuildPhase section */

/* Begin PBXFileReference section */
		523199A21E0236A1006FD548 /* libCVLogTools.a */ = {isa = PBXFileReference; explicitFileType = archive.ar; includeInIndex = 0; path = libCVLogTools.a; sourceTree = BUILT_PRODUCTS_DIR; };
		523199A51E0236A1006FD548 /* CVLogTools.h */ = {isa = PBXFileReference; lastKnownFileType = sourcecode.c.h; path = CVLogTools.h; sourceTree = "<group>"; };
		523199A61E0236A1006FD548 /* CVLogTools.m */ = {isa = PBXFileReference; lastKnownFileType = sourcecode.c.objc; path = CVLogTools.m; sourceTree = "<group>"; };
		523199AE1E023B0C006FD548 /* CVLogMacros.h */ = {isa = PBXFileReference; lastKnownFileType = sourcecode.c.h; path = CVLogMacros.h; sourceTree = "<group>"; };
		523199AF1E023BB8006FD548 /* HandleLogFile.h */ = {isa = PBXFileReference; fileEncoding = 4; lastKnownFileType = sourcecode.c.h; path = HandleLogFile.h; sourceTree = "<group>"; };
		523199B01E023BB8006FD548 /* HandleLogFile.m */ = {isa = PBXFileReference; fileEncoding = 4; lastKnownFileType = sourcecode.c.objc; path = HandleLogFile.m; sourceTree = "<group>"; };
		523199B21E023DF2006FD548 /* CVLog.h */ = {isa = PBXFileReference; fileEncoding = 4; lastKnownFileType = sourcecode.c.h; path = CVLog.h; sourceTree = "<group>"; };
		523199B31E023DF2006FD548 /* CVLog.m */ = {isa = PBXFileReference; fileEncoding = 4; lastKnownFileType = sourcecode.c.objc; path = CVLog.m; sourceTree = "<group>"; };
/* End PBXFileReference section */

/* Begin PBXFrameworksBuildPhase section */
		5231999F1E0236A1006FD548 /* Frameworks */ = {
			isa = PBXFrameworksBuildPhase;
			buildActionMask = 2147483647;
			files = (
			);
			runOnlyForDeploymentPostprocessing = 0;
		};
/* End PBXFrameworksBuildPhase section */

/* Begin PBXGroup section */
		523199991E0236A1006FD548 = {
			isa = PBXGroup;
			children = (
				523199A41E0236A1006FD548 /* CVLogTools */,
				523199A31E0236A1006FD548 /* Products */,
			);
			sourceTree = "<group>";
		};
		523199A31E0236A1006FD548 /* Products */ = {
			isa = PBXGroup;
			children = (
				523199A21E0236A1006FD548 /* libCVLogTools.a */,
			);
			name = Products;
			sourceTree = "<group>";
		};
		523199A41E0236A1006FD548 /* CVLogTools */ = {
			isa = PBXGroup;
			children = (
				523199AE1E023B0C006FD548 /* CVLogMacros.h */,
				523199A51E0236A1006FD548 /* CVLogTools.h */,
				523199A61E0236A1006FD548 /* CVLogTools.m */,
				523199AF1E023BB8006FD548 /* HandleLogFile.h */,
				523199B01E023BB8006FD548 /* HandleLogFile.m */,
				523199B21E023DF2006FD548 /* CVLog.h */,
				523199B31E023DF2006FD548 /* CVLog.m */,
			);
			path = CVLogTools;
			sourceTree = "<group>";
		};
/* End PBXGroup section */

/* Begin PBXNativeTarget section */
		523199A11E0236A1006FD548 /* CVLogTools */ = {
			isa = PBXNativeTarget;
			buildConfigurationList = 523199AB1E0236A1006FD548 /* Build configuration list for PBXNativeTarget "CVLogTools" */;
			buildPhases = (
				5231999E1E0236A1006FD548 /* Sources */,
				5231999F1E0236A1006FD548 /* Frameworks */,
				523199A01E0236A1006FD548 /* CopyFiles */,
			);
			buildRules = (
			);
			dependencies = (
			);
			name = CVLogTools;
			productName = CVLogTools;
			productReference = 523199A21E0236A1006FD548 /* libCVLogTools.a */;
			productType = "com.apple.product-type.library.static";
		};
/* End PBXNativeTarget section */

/* Begin PBXProject section */
		5231999A1E0236A1006FD548 /* Project object */ = {
			isa = PBXProject;
			attributes = {
				LastUpgradeCheck = 0810;
				ORGANIZATIONNAME = Chivox;
				TargetAttributes = {
					523199A11E0236A1006FD548 = {
						CreatedOnToolsVersion = 8.1;
						ProvisioningStyle = Automatic;
					};
				};
			};
			buildConfigurationList = 5231999D1E0236A1006FD548 /* Build configuration list for PBXProject "CVLogTools" */;
			compatibilityVersion = "Xcode 3.2";
			developmentRegion = English;
			hasScannedForEncodings = 0;
			knownRegions = (
				en,
			);
			mainGroup = 523199991E0236A1006FD548;
			productRefGroup = 523199A31E0236A1006FD548 /* Products */;
			projectDirPath = "";
			projectRoot = "";
			targets = (
				523199A11E0236A1006FD548 /* CVLogTools */,
			);
		};
/* End PBXProject section */

/* Begin PBXSourcesBuildPhase section */
		5231999E1E0236A1006FD548 /* Sources */ = {
			isa = PBXSourcesBuildPhase;
			buildActionMask = 2147483647;
			files = (
				523199B41E023DF2006FD548 /* CVLog.m in Sources */,
				523199B11E023BB8006FD548 /* HandleLogFile.m in Sources */,
				523199A71E0236A1006FD548 /* CVLogTools.m in Sources */,
			);
			runOnlyForDeploymentPostprocessing = 0;
		};
/* End PBXSourcesBuildPhase section */

/* Begin XCBuildConfiguration section */
		523199A91E0236A1006FD548 /* Debug */ = {
			isa = XCBuildConfiguration;
			buildSettings = {
				ALWAYS_SEARCH_USER_PATHS = NO;
				CLANG_ANALYZER_NONNULL = YES;
				CLANG_CXX_LANGUAGE_STANDARD = "gnu++0x";
				CLANG_CXX_LIBRARY = "libc++";
				CLANG_ENABLE_MODULES = YES;
				CLANG_ENABLE_OBJC_ARC = YES;
				CLANG_WARN_BOOL_CONVERSION = YES;
				CLANG_WARN_CONSTANT_CONVERSION = YES;
				CLANG_WARN_DIRECT_OBJC_ISA_USAGE = YES_ERROR;
				CLANG_WARN_DOCUMENTATION_COMMENTS = YES;
				CLANG_WARN_EMPTY_BODY = YES;
				CLANG_WARN_ENUM_CONVERSION = YES;
				CLANG_WARN_INFINITE_RECURSION = YES;
				CLANG_WARN_INT_CONVERSION = YES;
				CLANG_WARN_OBJC_ROOT_CLASS = YES_ERROR;
				CLANG_WARN_SUSPICIOUS_MOVES = YES;
				CLANG_WARN_UNREACHABLE_CODE = YES;
				CLANG_WARN__DUPLICATE_METHOD_MATCH = YES;
				"CODE_SIGN_IDENTITY[sdk=iphoneos*]" = "iPhone Developer";
				COPY_PHASE_STRIP = NO;
				DEBUG_INFORMATION_FORMAT = dwarf;
				ENABLE_STRICT_OBJC_MSGSEND = YES;
				ENABLE_TESTABILITY = YES;
				GCC_C_LANGUAGE_STANDARD = gnu99;
				GCC_DYNAMIC_NO_PIC = NO;
				GCC_NO_COMMON_BLOCKS = YES;
				GCC_OPTIMIZATION_LEVEL = 0;
				GCC_PREPROCESSOR_DEFINITIONS = (
					"DEBUG=1",
					"$(inherited)",
				);
				GCC_WARN_64_TO_32_BIT_CONVERSION = YES;
				GCC_WARN_ABOUT_RETURN_TYPE = YES_ERROR;
				GCC_WARN_UNDECLARED_SELECTOR = YES;
				GCC_WARN_UNINITIALIZED_AUTOS = YES_AGGRESSIVE;
				GCC_WARN_UNUSED_FUNCTION = YES;
				GCC_WARN_UNUSED_VARIABLE = YES;
				IPHONEOS_DEPLOYMENT_TARGET = 10.1;
				MTL_ENABLE_DEBUG_INFO = YES;
				ONLY_ACTIVE_ARCH = YES;
				SDKROOT = iphoneos;
			};
			name = Debug;
		};
		523199AA1E0236A1006FD548 /* Release */ = {
			isa = XCBuildConfiguration;
			buildSettings = {
				ALWAYS_SEARCH_USER_PATHS = NO;
				CLANG_ANALYZER_NONNULL = YES;
				CLANG_CXX_LANGUAGE_STANDARD = "gnu++0x";
				CLANG_CXX_LIBRARY = "libc++";
				CLANG_ENABLE_MODULES = YES;
				CLANG_ENABLE_OBJC_ARC = YES;
				CLANG_WARN_BOOL_CONVERSION = YES;
				CLANG_WARN_CONSTANT_CONVERSION = YES;
				CLANG_WARN_DIRECT_OBJC_ISA_USAGE = YES_ERROR;
				CLANG_WARN_DOCUMENTATION_COMMENTS = YES;
				CLANG_WARN_EMPTY_BODY = YES;
				CLANG_WARN_ENUM_CONVERSION = YES;
				CLANG_WARN_INFINITE_RECURSION = YES;
				CLANG_WARN_INT_CONVERSION = YES;
				CLANG_WARN_OBJC_ROOT_CLASS = YES_ERROR;
				CLANG_WARN_SUSPICIOUS_MOVES = YES;
				CLANG_WARN_UNREACHABLE_CODE = YES;
				CLANG_WARN__DUPLICATE_METHOD_MATCH = YES;
				"CODE_SIGN_IDENTITY[sdk=iphoneos*]" = "iPhone Developer";
				COPY_PHASE_STRIP = NO;
				DEBUG_INFORMATION_FORMAT = "dwarf-with-dsym";
				ENABLE_NS_ASSERTIONS = NO;
				ENABLE_STRICT_OBJC_MSGSEND = YES;
				GCC_C_LANGUAGE_STANDARD = gnu99;
				GCC_NO_COMMON_BLOCKS = YES;
				GCC_WARN_64_TO_32_BIT_CONVERSION = YES;
				GCC_WARN_ABOUT_RETURN_TYPE = YES_ERROR;
				GCC_WARN_UNDECLARED_SELECTOR = YES;
				GCC_WARN_UNINITIALIZED_AUTOS = YES_AGGRESSIVE;
				GCC_WARN_UNUSED_FUNCTION = YES;
				GCC_WARN_UNUSED_VARIABLE = YES;
				IPHONEOS_DEPLOYMENT_TARGET = 10.1;
				MTL_ENABLE_DEBUG_INFO = NO;
				SDKROOT = iphoneos;
				VALIDATE_PRODUCT = YES;
			};
			name = Release;
		};
		523199AC1E0236A1006FD548 /* Debug */ = {
			isa = XCBuildConfiguration;
			buildSettings = {
				OTHER_LDFLAGS = "-ObjC";
				PRODUCT_NAME = "$(TARGET_NAME)";
				SKIP_INSTALL = YES;
			};
			name = Debug;
		};
		523199AD1E0236A1006FD548 /* Release */ = {
			isa = XCBuildConfiguration;
			buildSettings = {
				OTHER_LDFLAGS = "-ObjC";
				PRODUCT_NAME = "$(TARGET_NAME)";
				SKIP_INSTALL = YES;
			};
			name = Release;
		};
/* End XCBuildConfiguration section */

/* Begin XCConfigurationList section */
		5231999D1E0236A1006FD548 /* Build configuration list for PBXProject "CVLogTools" */ = {
			isa = XCConfigurationList;
			buildConfigurations = (
				523199A91E0236A1006FD548 /* Debug */,
				523199AA1E0236A1006FD548 /* Release */,
			);
			defaultConfigurationIsVisible = 0;
			defaultConfigurationName = Release;
		};
		523199AB1E0236A1006FD548 /* Build configuration list for PBXNativeTarget "CVLogTools" */ = {
			isa = XCConfigurationList;
			buildConfigurations = (
				523199AC1E0236A1006FD548 /* Debug */,
				523199AD1E0236A1006FD548 /* Release */,
			);
			defaultConfigurationIsVisible = 0;
			defaultConfigurationName = Release;
		};
/* End XCConfigurationList section */
	};
	rootObject = 5231999A1E0236A1006FD548 /* Project object */;
}
